// !$*UTF8*$!
{
	archiveVersion = 1;
	classes = {
	};
	objectVersion = 56;
	objects = {

/* Begin PBXBuildFile section */
		C255F96B2B7A51C400B7FF0E /* Safe_dataApp.swift in Sources */ = {isa = PBXBuildFile; fileRef = C255F96A2B7A51C400B7FF0E /* Safe_dataApp.swift */; };
		C255F96D2B7A51C400B7FF0E /* ContentView.swift in Sources */ = {isa = PBXBuildFile; fileRef = C255F96C2B7A51C400B7FF0E /* ContentView.swift */; };
		C255F9712B7A51C500B7FF0E /* Assets.xcassets in Resources */ = {isa = PBXBuildFile; fileRef = C255F9702B7A51C500B7FF0E /* Assets.xcassets */; };
		C255F9742B7A51C500B7FF0E /* Preview Assets.xcassets in Resources */ = {isa = PBXBuildFile; fileRef = C255F9732B7A51C500B7FF0E /* Preview Assets.xcassets */; };
		C255F97D2B7A52E900B7FF0E /* Home.swift in Sources */ = {isa = PBXBuildFile; fileRef = C255F97C2B7A52E900B7FF0E /* Home.swift */; };
		C255F97F2B7A530B00B7FF0E /* NotesView.swift in Sources */ = {isa = PBXBuildFile; fileRef = C255F97E2B7A530B00B7FF0E /* NotesView.swift */; };
		C255F9822B7A534000B7FF0E /* Note.swift in Sources */ = {isa = PBXBuildFile; fileRef = C255F9812B7A534000B7FF0E /* Note.swift */; };
		C255F9842B7A535600B7FF0E /* NoteCategory.swift in Sources */ = {isa = PBXBuildFile; fileRef = C255F9832B7A535600B7FF0E /* NoteCategory.swift */; };
		C255F98D2B7A5B0900B7FF0E /* 16-mac.png in Resources */ = {isa = PBXBuildFile; fileRef = C255F9862B7A5B0900B7FF0E /* 16-mac.png */; };
		C255F98E2B7A5B0900B7FF0E /* 64-mac.png in Resources */ = {isa = PBXBuildFile; fileRef = C255F9872B7A5B0900B7FF0E /* 64-mac.png */; };
		C255F98F2B7A5B0900B7FF0E /* 128-mac.png in Resources */ = {isa = PBXBuildFile; fileRef = C255F9882B7A5B0900B7FF0E /* 128-mac.png */; };
		C255F9902B7A5B0900B7FF0E /* 256-mac.png in Resources */ = {isa = PBXBuildFile; fileRef = C255F9892B7A5B0900B7FF0E /* 256-mac.png */; };
		C255F9912B7A5B0900B7FF0E /* 1024-mac.png in Resources */ = {isa = PBXBuildFile; fileRef = C255F98A2B7A5B0900B7FF0E /* 1024-mac.png */; };
		C255F9922B7A5B0900B7FF0E /* 512-mac.png in Resources */ = {isa = PBXBuildFile; fileRef = C255F98B2B7A5B0900B7FF0E /* 512-mac.png */; };
		C255F9932B7A5B0900B7FF0E /* 32-mac.png in Resources */ = {isa = PBXBuildFile; fileRef = C255F98C2B7A5B0900B7FF0E /* 32-mac.png */; };
/* End PBXBuildFile section */

/* Begin PBXFileReference section */
		C255F9672B7A51C400B7FF0E /* Safe data.app */ = {isa = PBXFileReference; explicitFileType = wrapper.application; includeInIndex = 0; path = "Safe data.app"; sourceTree = BUILT_PRODUCTS_DIR; };
		C255F96A2B7A51C400B7FF0E /* Safe_dataApp.swift */ = {isa = PBXFileReference; lastKnownFileType = sourcecode.swift; path = Safe_dataApp.swift; sourceTree = "<group>"; };
		C255F96C2B7A51C400B7FF0E /* ContentView.swift */ = {isa = PBXFileReference; lastKnownFileType = sourcecode.swift; path = ContentView.swift; sourceTree = "<group>"; };
		C255F9702B7A51C500B7FF0E /* Assets.xcassets */ = {isa = PBXFileReference; lastKnownFileType = folder.assetcatalog; path = Assets.xcassets; sourceTree = "<group>"; };
		C255F9732B7A51C500B7FF0E /* Preview Assets.xcassets */ = {isa = PBXFileReference; lastKnownFileType = folder.assetcatalog; path = "Preview Assets.xcassets"; sourceTree = "<group>"; };
		C255F9752B7A51C500B7FF0E /* Safe_data.entitlements */ = {isa = PBXFileReference; lastKnownFileType = text.plist.entitlements; path = Safe_data.entitlements; sourceTree = "<group>"; };
		C255F97C2B7A52E900B7FF0E /* Home.swift */ = {isa = PBXFileReference; lastKnownFileType = sourcecode.swift; path = Home.swift; sourceTree = "<group>"; };
		C255F97E2B7A530B00B7FF0E /* NotesView.swift */ = {isa = PBXFileReference; lastKnownFileType = sourcecode.swift; path = NotesView.swift; sourceTree = "<group>"; };
		C255F9812B7A534000B7FF0E /* Note.swift */ = {isa = PBXFileReference; lastKnownFileType = sourcecode.swift; path = Note.swift; sourceTree = "<group>"; };
		C255F9832B7A535600B7FF0E /* NoteCategory.swift */ = {isa = PBXFileReference; lastKnownFileType = sourcecode.swift; path = NoteCategory.swift; sourceTree = "<group>"; };
		C255F9862B7A5B0900B7FF0E /* 16-mac.png */ = {isa = PBXFileReference; lastKnownFileType = image.png; path = "16-mac.png"; sourceTree = "<group>"; };
		C255F9872B7A5B0900B7FF0E /* 64-mac.png */ = {isa = PBXFileReference; lastKnownFileType = image.png; path = "64-mac.png"; sourceTree = "<group>"; };
		C255F9882B7A5B0900B7FF0E /* 128-mac.png */ = {isa = PBXFileReference; lastKnownFileType = image.png; path = "128-mac.png"; sourceTree = "<group>"; };
		C255F9892B7A5B0900B7FF0E /* 256-mac.png */ = {isa = PBXFileReference; lastKnownFileType = image.png; path = "256-mac.png"; sourceTree = "<group>"; };
		C255F98A2B7A5B0900B7FF0E /* 1024-mac.png */ = {isa = PBXFileReference; lastKnownFileType = image.png; path = "1024-mac.png"; sourceTree = "<group>"; };
		C255F98B2B7A5B0900B7FF0E /* 512-mac.png */ = {isa = PBXFileReference; lastKnownFileType = image.png; path = "512-mac.png"; sourceTree = "<group>"; };
		C255F98C2B7A5B0900B7FF0E /* 32-mac.png */ = {isa = PBXFileReference; lastKnownFileType = image.png; path = "32-mac.png"; sourceTree = "<group>"; };
/* End PBXFileReference section */

/* Begin PBXFrameworksBuildPhase section */
		C255F9642B7A51C400B7FF0E /* Frameworks */ = {
			isa = PBXFrameworksBuildPhase;
			buildActionMask = 2147483647;
			files = (
			);
			runOnlyForDeploymentPostprocessing = 0;
		};
/* End PBXFrameworksBuildPhase section */

/* Begin PBXGroup section */
		C255F95E2B7A51C400B7FF0E = {
			isa = PBXGroup;
			children = (
				C255F9692B7A51C400B7FF0E /* Safe data */,
				C255F9682B7A51C400B7FF0E /* Products */,
			);
			sourceTree = "<group>";
		};
		C255F9682B7A51C400B7FF0E /* Products */ = {
			isa = PBXGroup;
			children = (
				C255F9672B7A51C400B7FF0E /* Safe data.app */,
			);
			name = Products;
			sourceTree = "<group>";
		};
		C255F9692B7A51C400B7FF0E /* Safe data */ = {
			isa = PBXGroup;
			children = (
				C255F9802B7A532C00B7FF0E /* Model */,
				C255F97B2B7A52D000B7FF0E /* View */,
				C255F96A2B7A51C400B7FF0E /* Safe_dataApp.swift */,
				C255F96C2B7A51C400B7FF0E /* ContentView.swift */,
				C255F9702B7A51C500B7FF0E /* Assets.xcassets */,
				C255F9852B7A5AED00B7FF0E /* Icons */,
				C255F9752B7A51C500B7FF0E /* Safe_data.entitlements */,
				C255F9722B7A51C500B7FF0E /* Preview Content */,
			);
			path = "Safe data";
			sourceTree = "<group>";
		};
		C255F9722B7A51C500B7FF0E /* Preview Content */ = {
			isa = PBXGroup;
			children = (
				C255F9732B7A51C500B7FF0E /* Preview Assets.xcassets */,
			);
			path = "Preview Content";
			sourceTree = "<group>";
		};
		C255F97B2B7A52D000B7FF0E /* View */ = {
			isa = PBXGroup;
			children = (
				C255F97C2B7A52E900B7FF0E /* Home.swift */,
				C255F97E2B7A530B00B7FF0E /* NotesView.swift */,
			);
			path = View;
			sourceTree = "<group>";
		};
		C255F9802B7A532C00B7FF0E /* Model */ = {
			isa = PBXGroup;
			children = (
				C255F9812B7A534000B7FF0E /* Note.swift */,
				C255F9832B7A535600B7FF0E /* NoteCategory.swift */,
			);
			path = Model;
			sourceTree = "<group>";
		};
		C255F9852B7A5AED00B7FF0E /* Icons */ = {
			isa = PBXGroup;
			children = (
				C255F9862B7A5B0900B7FF0E /* 16-mac.png */,
				C255F98C2B7A5B0900B7FF0E /* 32-mac.png */,
				C255F9872B7A5B0900B7FF0E /* 64-mac.png */,
				C255F9882B7A5B0900B7FF0E /* 128-mac.png */,
				C255F9892B7A5B0900B7FF0E /* 256-mac.png */,
				C255F98B2B7A5B0900B7FF0E /* 512-mac.png */,
				C255F98A2B7A5B0900B7FF0E /* 1024-mac.png */,
			);
			path = Icons;
			sourceTree = "<group>";
		};
/* End PBXGroup section */

/* Begin PBXNativeTarget section */
		C255F9662B7A51C400B7FF0E /* Safe data */ = {
			isa = PBXNativeTarget;
			buildConfigurationList = C255F9782B7A51C500B7FF0E /* Build configuration list for PBXNativeTarget "Safe data" */;
			buildPhases = (
				C255F9632B7A51C400B7FF0E /* Sources */,
				C255F9642B7A51C400B7FF0E /* Frameworks */,
				C255F9652B7A51C400B7FF0E /* Resources */,
			);
			buildRules = (
			);
			dependencies = (
			);
			name = "Safe data";
			productName = "Safe data";
			productReference = C255F9672B7A51C400B7FF0E /* Safe data.app */;
			productType = "com.apple.product-type.application";
		};
/* End PBXNativeTarget section */

/* Begin PBXProject section */
		C255F95F2B7A51C400B7FF0E /* Project object */ = {
			isa = PBXProject;
			attributes = {
				BuildIndependentTargetsInParallel = 1;
				LastSwiftUpdateCheck = 1520;
				LastUpgradeCheck = 1520;
				TargetAttributes = {
					C255F9662B7A51C400B7FF0E = {
						CreatedOnToolsVersion = 15.2;
					};
				};
			};
			buildConfigurationList = C255F9622B7A51C400B7FF0E /* Build configuration list for PBXProject "Safe data" */;
			compatibilityVersion = "Xcode 14.0";
			developmentRegion = en;
			hasScannedForEncodings = 0;
			knownRegions = (
				en,
				Base,
			);
			mainGroup = C255F95E2B7A51C400B7FF0E;
			productRefGroup = C255F9682B7A51C400B7FF0E /* Products */;
			projectDirPath = "";
			projectRoot = "";
			targets = (
				C255F9662B7A51C400B7FF0E /* Safe data */,
			);
		};
/* End PBXProject section */

/* Begin PBXResourcesBuildPhase section */
		C255F9652B7A51C400B7FF0E /* Resources */ = {
			isa = PBXResourcesBuildPhase;
			buildActionMask = 2147483647;
			files = (
				C255F9742B7A51C500B7FF0E /* Preview Assets.xcassets in Resources */,
				C255F98E2B7A5B0900B7FF0E /* 64-mac.png in Resources */,
				C255F98F2B7A5B0900B7FF0E /* 128-mac.png in Resources */,
				C255F9912B7A5B0900B7FF0E /* 1024-mac.png in Resources */,
				C255F9922B7A5B0900B7FF0E /* 512-mac.png in Resources */,
				C255F9932B7A5B0900B7FF0E /* 32-mac.png in Resources */,
				C255F9902B7A5B0900B7FF0E /* 256-mac.png in Resources */,
				C255F9712B7A51C500B7FF0E /* Assets.xcassets in Resources */,
				C255F98D2B7A5B0900B7FF0E /* 16-mac.png in Resources */,
			);
			runOnlyForDeploymentPostprocessing = 0;
		};
/* End PBXResourcesBuildPhase section */

/* Begin PBXSourcesBuildPhase section */
		C255F9632B7A51C400B7FF0E /* Sources */ = {
			isa = PBXSourcesBuildPhase;
			buildActionMask = 2147483647;
			files = (
				C255F9822B7A534000B7FF0E /* Note.swift in Sources */,
				C255F96D2B7A51C400B7FF0E /* ContentView.swift in Sources */,
				C255F97D2B7A52E900B7FF0E /* Home.swift in Sources */,
				C255F9842B7A535600B7FF0E /* NoteCategory.swift in Sources */,
				C255F97F2B7A530B00B7FF0E /* NotesView.swift in Sources */,
				C255F96B2B7A51C400B7FF0E /* Safe_dataApp.swift in Sources */,
			);
			runOnlyForDeploymentPostprocessing = 0;
		};
/* End PBXSourcesBuildPhase section */

/* Begin XCBuildConfiguration section */
		C255F9762B7A51C500B7FF0E /* Debug */ = {
			isa = XCBuildConfiguration;
			buildSettings = {
				ALWAYS_SEARCH_USER_PATHS = NO;
				ASSETCATALOG_COMPILER_GENERATE_SWIFT_ASSET_SYMBOL_EXTENSIONS = YES;
				CLANG_ANALYZER_NONNULL = YES;
				CLANG_ANALYZER_NUMBER_OBJECT_CONVERSION = YES_AGGRESSIVE;
				CLANG_CXX_LANGUAGE_STANDARD = "gnu++20";
				CLANG_ENABLE_MODULES = YES;
				CLANG_ENABLE_OBJC_ARC = YES;
				CLANG_ENABLE_OBJC_WEAK = YES;
				CLANG_WARN_BLOCK_CAPTURE_AUTORELEASING = YES;
				CLANG_WARN_BOOL_CONVERSION = YES;
				CLANG_WARN_COMMA = YES;
				CLANG_WARN_CONSTANT_CONVERSION = YES;
				CLANG_WARN_DEPRECATED_OBJC_IMPLEMENTATIONS = YES;
				CLANG_WARN_DIRECT_OBJC_ISA_USAGE = YES_ERROR;
				CLANG_WARN_DOCUMENTATION_COMMENTS = YES;
				CLANG_WARN_EMPTY_BODY = YES;
				CLANG_WARN_ENUM_CONVERSION = YES;
				CLANG_WARN_INFINITE_RECURSION = YES;
				CLANG_WARN_INT_CONVERSION = YES;
				CLANG_WARN_NON_LITERAL_NULL_CONVERSION = YES;
				CLANG_WARN_OBJC_IMPLICIT_RETAIN_SELF = YES;
				CLANG_WARN_OBJC_LITERAL_CONVERSION = YES;
				CLANG_WARN_OBJC_ROOT_CLASS = YES_ERROR;
				CLANG_WARN_QUOTED_INCLUDE_IN_FRAMEWORK_HEADER = YES;
				CLANG_WARN_RANGE_LOOP_ANALYSIS = YES;
				CLANG_WARN_STRICT_PROTOTYPES = YES;
				CLANG_WARN_SUSPICIOUS_MOVE = YES;
				CLANG_WARN_UNGUARDED_AVAILABILITY = YES_AGGRESSIVE;
				CLANG_WARN_UNREACHABLE_CODE = YES;
				CLANG_WARN__DUPLICATE_METHOD_MATCH = YES;
				COPY_PHASE_STRIP = NO;
				DEBUG_INFORMATION_FORMAT = dwarf;
				ENABLE_STRICT_OBJC_MSGSEND = YES;
				ENABLE_TESTABILITY = YES;
				ENABLE_USER_SCRIPT_SANDBOXING = YES;
				GCC_C_LANGUAGE_STANDARD = gnu17;
				GCC_DYNAMIC_NO_PIC = NO;
				GCC_NO_COMMON_BLOCKS = YES;
				GCC_OPTIMIZATION_LEVEL = 0;
				GCC_PREPROCESSOR_DEFINITIONS = (
					"DEBUG=1",
					"$(inherited)",
				);
				GCC_WARN_64_TO_32_BIT_CONVERSION = YES;
				GCC_WARN_ABOUT_RETURN_TYPE = YES_ERROR;
				GCC_WARN_UNDECLARED_SELECTOR = YES;
				GCC_WARN_UNINITIALIZED_AUTOS = YES_AGGRESSIVE;
				GCC_WARN_UNUSED_FUNCTION = YES;
				GCC_WARN_UNUSED_VARIABLE = YES;
				LOCALIZATION_PREFERS_STRING_CATALOGS = YES;
				MACOSX_DEPLOYMENT_TARGET = 14.1;
				MTL_ENABLE_DEBUG_INFO = INCLUDE_SOURCE;
				MTL_FAST_MATH = YES;
				ONLY_ACTIVE_ARCH = YES;
				SDKROOT = macosx;
				SWIFT_ACTIVE_COMPILATION_CONDITIONS = "DEBUG $(inherited)";
				SWIFT_OPTIMIZATION_LEVEL = "-Onone";
			};
			name = Debug;
		};
		C255F9772B7A51C500B7FF0E /* Release */ = {
			isa = XCBuildConfiguration;
			buildSettings = {
				ALWAYS_SEARCH_USER_PATHS = NO;
				ASSETCATALOG_COMPILER_GENERATE_SWIFT_ASSET_SYMBOL_EXTENSIONS = YES;
				CLANG_ANALYZER_NONNULL = YES;
				CLANG_ANALYZER_NUMBER_OBJECT_CONVERSION = YES_AGGRESSIVE;
				CLANG_CXX_LANGUAGE_STANDARD = "gnu++20";
				CLANG_ENABLE_MODULES = YES;
				CLANG_ENABLE_OBJC_ARC = YES;
				CLANG_ENABLE_OBJC_WEAK = YES;
				CLANG_WARN_BLOCK_CAPTURE_AUTORELEASING = YES;
				CLANG_WARN_BOOL_CONVERSION = YES;
				CLANG_WARN_COMMA = YES;
				CLANG_WARN_CONSTANT_CONVERSION = YES;
				CLANG_WARN_DEPRECATED_OBJC_IMPLEMENTATIONS = YES;
				CLANG_WARN_DIRECT_OBJC_ISA_USAGE = YES_ERROR;
				CLANG_WARN_DOCUMENTATION_COMMENTS = YES;
				CLANG_WARN_EMPTY_BODY = YES;
				CLANG_WARN_ENUM_CONVERSION = YES;
				CLANG_WARN_INFINITE_RECURSION = YES;
				CLANG_WARN_INT_CONVERSION = YES;
				CLANG_WARN_NON_LITERAL_NULL_CONVERSION = YES;
				CLANG_WARN_OBJC_IMPLICIT_RETAIN_SELF = YES;
				CLANG_WARN_OBJC_LITERAL_CONVERSION = YES;
				CLANG_WARN_OBJC_ROOT_CLASS = YES_ERROR;
				CLANG_WARN_QUOTED_INCLUDE_IN_FRAMEWORK_HEADER = YES;
				CLANG_WARN_RANGE_LOOP_ANALYSIS = YES;
				CLANG_WARN_STRICT_PROTOTYPES = YES;
				CLANG_WARN_SUSPICIOUS_MOVE = YES;
				CLANG_WARN_UNGUARDED_AVAILABILITY = YES_AGGRESSIVE;
				CLANG_WARN_UNREACHABLE_CODE = YES;
				CLANG_WARN__DUPLICATE_METHOD_MATCH = YES;
				COPY_PHASE_STRIP = NO;
				DEBUG_INFORMATION_FORMAT = "dwarf-with-dsym";
				ENABLE_NS_ASSERTIONS = NO;
				ENABLE_STRICT_OBJC_MSGSEND = YES;
				ENABLE_USER_SCRIPT_SANDBOXING = YES;
				GCC_C_LANGUAGE_STANDARD = gnu17;
				GCC_NO_COMMON_BLOCKS = YES;
				GCC_WARN_64_TO_32_BIT_CONVERSION = YES;
				GCC_WARN_ABOUT_RETURN_TYPE = YES_ERROR;
				GCC_WARN_UNDECLARED_SELECTOR = YES;
				GCC_WARN_UNINITIALIZED_AUTOS = YES_AGGRESSIVE;
				GCC_WARN_UNUSED_FUNCTION = YES;
				GCC_WARN_UNUSED_VARIABLE = YES;
				LOCALIZATION_PREFERS_STRING_CATALOGS = YES;
				MACOSX_DEPLOYMENT_TARGET = 14.1;
				MTL_ENABLE_DEBUG_INFO = NO;
				MTL_FAST_MATH = YES;
				SDKROOT = macosx;
				SWIFT_COMPILATION_MODE = wholemodule;
			};
			name = Release;
		};
		C255F9792B7A51C500B7FF0E /* Debug */ = {
			isa = XCBuildConfiguration;
			buildSettings = {
				ASSETCATALOG_COMPILER_APPICON_NAME = AppIcon;
				ASSETCATALOG_COMPILER_GLOBAL_ACCENT_COLOR_NAME = AccentColor;
				ASSETCATALOG_COMPILER_INCLUDE_ALL_APPICON_ASSETS = YES;
				CODE_SIGN_ENTITLEMENTS = "Safe data/Safe_data.entitlements";
				CODE_SIGN_STYLE = Automatic;
				COMBINE_HIDPI_IMAGES = YES;
				CURRENT_PROJECT_VERSION = 1;
				DEVELOPMENT_ASSET_PATHS = "\"Safe data/Preview Content\"";
				ENABLE_PREVIEWS = YES;
				GENERATE_INFOPLIST_FILE = YES;
				INFOPLIST_KEY_CFBundleDisplayName = "Safe cards";
				INFOPLIST_KEY_LSApplicationCategoryType = "public.app-category.lifestyle";
				INFOPLIST_KEY_NSHumanReadableCopyright = "";
				LD_RUNPATH_SEARCH_PATHS = (
					"$(inherited)",
					"@executable_path/../Frameworks",
				);
				MACOSX_DEPLOYMENT_TARGET = 14.0;
				MARKETING_VERSION = 1.0;
				PRODUCT_BUNDLE_IDENTIFIER = "Ilia-inc.Safe-data";
				PRODUCT_NAME = "$(TARGET_NAME)";
				SWIFT_EMIT_LOC_STRINGS = YES;
				SWIFT_VERSION = 5.0;
			};
			name = Debug;
		};
		C255F97A2B7A51C500B7FF0E /* Release */ = {
			isa = XCBuildConfiguration;
			buildSettings = {
				ASSETCATALOG_COMPILER_APPICON_NAME = AppIcon;
				ASSETCATALOG_COMPILER_GLOBAL_ACCENT_COLOR_NAME = AccentColor;
				ASSETCATALOG_COMPILER_INCLUDE_ALL_APPICON_ASSETS = YES;
				CODE_SIGN_ENTITLEMENTS = "Safe data/Safe_data.entitlements";
				CODE_SIGN_STYLE = Automatic;
				COMBINE_HIDPI_IMAGES = YES;
				CURRENT_PROJECT_VERSION = 1;
				DEVELOPMENT_ASSET_PATHS = "\"Safe data/Preview Content\"";
				ENABLE_PREVIEWS = YES;
				GENERATE_INFOPLIST_FILE = YES;
				INFOPLIST_KEY_CFBundleDisplayName = "Safe cards";
				INFOPLIST_KEY_LSApplicationCategoryType = "public.app-category.lifestyle";
				INFOPLIST_KEY_NSHumanReadableCopyright = "";
				LD_RUNPATH_SEARCH_PATHS = (
					"$(inherited)",
					"@executable_path/../Frameworks",
				);
				MACOSX_DEPLOYMENT_TARGET = 14.0;
				MARKETING_VERSION = 1.0;
				PRODUCT_BUNDLE_IDENTIFIER = "Ilia-inc.Safe-data";
				PRODUCT_NAME = "$(TARGET_NAME)";
				SWIFT_EMIT_LOC_STRINGS = YES;
				SWIFT_VERSION = 5.0;
			};
			name = Release;
		};
/* End XCBuildConfiguration section */

/* Begin XCConfigurationList section */
		C255F9622B7A51C400B7FF0E /* Build configuration list for PBXProject "Safe data" */ = {
			isa = XCConfigurationList;
			buildConfigurations = (
				C255F9762B7A51C500B7FF0E /* Debug */,
				C255F9772B7A51C500B7FF0E /* Release */,
			);
			defaultConfigurationIsVisible = 0;
			defaultConfigurationName = Release;
		};
		C255F9782B7A51C500B7FF0E /* Build configuration list for PBXNativeTarget "Safe data" */ = {
			isa = XCConfigurationList;
			buildConfigurations = (
				C255F9792B7A51C500B7FF0E /* Debug */,
				C255F97A2B7A51C500B7FF0E /* Release */,
			);
			defaultConfigurationIsVisible = 0;
			defaultConfigurationName = Release;
		};
/* End XCConfigurationList section */
	};
	rootObject = C255F95F2B7A51C400B7FF0E /* Project object */;
}
